
Microsoft Visual Studio Solution File, Format Version 12.00
# Visual Studio Version 16
VisualStudioVersion = 16.0.29424.173
MinimumVisualStudioVersion = 10.0.40219.1
Project("{9A19103F-16F7-4668-BE54-9A1E7A4F7556}") = "ConsoleApp13", "ConsoleApp13\ConsoleApp13.csproj", "{1368DB2C-146D-4D24-A9B1-F369C4BFECD9}"
EndProject
Project("{FAE04EC0-301F-11D3-BF4B-00C04F79EFBC}") = "ConsoleApp13Tests", "ConsoleApp13Tests\ConsoleApp13Tests.csproj", "{89A57EA0-E07C-4F5C-A402-AB57877EDE40}"
EndProject
Global
	GlobalSection(SolutionConfigurationPlatforms) = preSolution
		Debug|Any CPU = Debug|Any CPU
		Release|Any CPU = Release|Any CPU
	EndGlobalSection
	GlobalSection(ProjectConfigurationPlatforms) = postSolution
		{1368DB2C-146D-4D24-A9B1-F369C4BFECD9}.Debug|Any CPU.ActiveCfg = Debug|Any CPU
		{1368DB2C-146D-4D24-A9B1-F369C4BFECD9}.Debug|Any CPU.Build.0 = Debug|Any CPU
		{1368DB2C-146D-4D24-A9B1-F369C4BFECD9}.Release|Any CPU.ActiveCfg = Release|Any CPU
		{1368DB2C-146D-4D24-A9B1-F369C4BFECD9}.Release|Any CPU.Build.0 = Release|Any CPU
		{89A57EA0-E07C-4F5C-A402-AB57877EDE40}.Debug|Any CPU.ActiveCfg = Debug|Any CPU
		{89A57EA0-E07C-4F5C-A402-AB57877EDE40}.Debug|Any CPU.Build.0 = Debug|Any CPU
		{89A57EA0-E07C-4F5C-A402-AB57877EDE40}.Release|Any CPU.ActiveCfg = Release|Any CPU
		{89A57EA0-E07C-4F5C-A402-AB57877EDE40}.Release|Any CPU.Build.0 = Release|Any CPU
	EndGlobalSection
	GlobalSection(SolutionProperties) = preSolution
		HideSolutionNode = FALSE
	EndGlobalSection
	GlobalSection(ExtensibilityGlobals) = postSolution
		SolutionGuid = {3563E873-E85B-47D6-BFBD-11FF9FE705A4}
	EndGlobalSection
EndGlobal
